
Microsoft Visual Studio Solution File, Format Version 12.00
# Visual Studio Express 2012 for Windows Desktop
Project("{FAE04EC0-301F-11D3-BF4B-00C04F79EFBC}") = "MDMtest", "MDMtest\MDMtest.csproj", "{2C602441-B8C3-46FC-86D5-0659D8EB5A15}"
EndProject
Global
	GlobalSection(SolutionConfigurationPlatforms) = preSolution
		Debug|Any CPU = Debug|Any CPU
		Release|Any CPU = Release|Any CPU
	EndGlobalSection
	GlobalSection(ProjectConfigurationPlatforms) = postSolution
		{2C602441-B8C3-46FC-86D5-0659D8EB5A15}.Debug|Any CPU.ActiveCfg = Debug|Any CPU
		{2C602441-B8C3-46FC-86D5-0659D8EB5A15}.Debug|Any CPU.Build.0 = Debug|Any CPU
		{2C602441-B8C3-46FC-86D5-0659D8EB5A15}.Release|Any CPU.ActiveCfg = Release|Any CPU
		{2C602441-B8C3-46FC-86D5-0659D8EB5A15}.Release|Any CPU.Build.0 = Release|Any CPU
	EndGlobalSection
	GlobalSection(SolutionProperties) = preSolution
		HideSolutionNode = FALSE
	EndGlobalSection
EndGlobal
